// !$*UTF8*$!
{
	archiveVersion = 1;
	classes = {
	};
	objectVersion = 77;
	objects = {

/* Begin PBXContainerItemProxy section */
		98228BFD2DDD36EA001E6E66 /* PBXContainerItemProxy */ = {
			isa = PBXContainerItemProxy;
			containerPortal = 98228BE32DDD36E8001E6E66 /* Project object */;
			proxyType = 1;
			remoteGlobalIDString = 98228BEA2DDD36E8001E6E66;
			remoteInfo = SwiftUIGaleriaCuritibana;
		};
		98228C072DDD36EA001E6E66 /* PBXContainerItemProxy */ = {
			isa = PBXContainerItemProxy;
			containerPortal = 98228BE32DDD36E8001E6E66 /* Project object */;
			proxyType = 1;
			remoteGlobalIDString = 98228BEA2DDD36E8001E6E66;
			remoteInfo = SwiftUIGaleriaCuritibana;
		};
/* End PBXContainerItemProxy section */

/* Begin PBXFileReference section */
		98228BEB2DDD36E8001E6E66 /* SwiftUIGaleriaCuritibana.app */ = {isa = PBXFileReference; explicitFileType = wrapper.application; includeInIndex = 0; path = SwiftUIGaleriaCuritibana.app; sourceTree = BUILT_PRODUCTS_DIR; };
		98228BFC2DDD36EA001E6E66 /* SwiftUIGaleriaCuritibanaTests.xctest */ = {isa = PBXFileReference; explicitFileType = wrapper.cfbundle; includeInIndex = 0; path = SwiftUIGaleriaCuritibanaTests.xctest; sourceTree = BUILT_PRODUCTS_DIR; };
		98228C062DDD36EA001E6E66 /* SwiftUIGaleriaCuritibanaUITests.xctest */ = {isa = PBXFileReference; explicitFileType = wrapper.cfbundle; includeInIndex = 0; path = SwiftUIGaleriaCuritibanaUITests.xctest; sourceTree = BUILT_PRODUCTS_DIR; };
/* End PBXFileReference section */

/* Begin PBXFileSystemSynchronizedRootGroup section */
		98228BED2DDD36E8001E6E66 /* SwiftUIGaleriaCuritibana */ = {
			isa = PBXFileSystemSynchronizedRootGroup;
			path = SwiftUIGaleriaCuritibana;
			sourceTree = "<group>";
		};
		98228BFF2DDD36EA001E6E66 /* SwiftUIGaleriaCuritibanaTests */ = {
			isa = PBXFileSystemSynchronizedRootGroup;
			path = SwiftUIGaleriaCuritibanaTests;
			sourceTree = "<group>";
		};
		98228C092DDD36EA001E6E66 /* SwiftUIGaleriaCuritibanaUITests */ = {
			isa = PBXFileSystemSynchronizedRootGroup;
			path = SwiftUIGaleriaCuritibanaUITests;
			sourceTree = "<group>";
		};
/* End PBXFileSystemSynchronizedRootGroup section */

/* Begin PBXFrameworksBuildPhase section */
		98228BE82DDD36E8001E6E66 /* Frameworks */ = {
			isa = PBXFrameworksBuildPhase;
			buildActionMask = 2147483647;
			files = (
			);
			runOnlyForDeploymentPostprocessing = 0;
		};
		98228BF92DDD36EA001E6E66 /* Frameworks */ = {
			isa = PBXFrameworksBuildPhase;
			buildActionMask = 2147483647;
			files = (
			);
			runOnlyForDeploymentPostprocessing = 0;
		};
		98228C032DDD36EA001E6E66 /* Frameworks */ = {
			isa = PBXFrameworksBuildPhase;
			buildActionMask = 2147483647;
			files = (
			);
			runOnlyForDeploymentPostprocessing = 0;
		};
/* End PBXFrameworksBuildPhase section */

/* Begin PBXGroup section */
		98228BE22DDD36E8001E6E66 = {
			isa = PBXGroup;
			children = (
				98228BED2DDD36E8001E6E66 /* SwiftUIGaleriaCuritibana */,
				98228BFF2DDD36EA001E6E66 /* SwiftUIGaleriaCuritibanaTests */,
				98228C092DDD36EA001E6E66 /* SwiftUIGaleriaCuritibanaUITests */,
				98228BEC2DDD36E8001E6E66 /* Products */,
			);
			sourceTree = "<group>";
		};
		98228BEC2DDD36E8001E6E66 /* Products */ = {
			isa = PBXGroup;
			children = (
				98228BEB2DDD36E8001E6E66 /* SwiftUIGaleriaCuritibana.app */,
				98228BFC2DDD36EA001E6E66 /* SwiftUIGaleriaCuritibanaTests.xctest */,
				98228C062DDD36EA001E6E66 /* SwiftUIGaleriaCuritibanaUITests.xctest */,
			);
			name = Products;
			sourceTree = "<group>";
		};
/* End PBXGroup section */

/* Begin PBXNativeTarget section */
		98228BEA2DDD36E8001E6E66 /* SwiftUIGaleriaCuritibana */ = {
			isa = PBXNativeTarget;
			buildConfigurationList = 98228C102DDD36EA001E6E66 /* Build configuration list for PBXNativeTarget "SwiftUIGaleriaCuritibana" */;
			buildPhases = (
				98228BE72DDD36E8001E6E66 /* Sources */,
				98228BE82DDD36E8001E6E66 /* Frameworks */,
				98228BE92DDD36E8001E6E66 /* Resources */,
			);
			buildRules = (
			);
			dependencies = (
			);
			fileSystemSynchronizedGroups = (
				98228BED2DDD36E8001E6E66 /* SwiftUIGaleriaCuritibana */,
			);
			name = SwiftUIGaleriaCuritibana;
			packageProductDependencies = (
			);
			productName = SwiftUIGaleriaCuritibana;
			productReference = 98228BEB2DDD36E8001E6E66 /* SwiftUIGaleriaCuritibana.app */;
			productType = "com.apple.product-type.application";
		};
		98228BFB2DDD36EA001E6E66 /* SwiftUIGaleriaCuritibanaTests */ = {
			isa = PBXNativeTarget;
			buildConfigurationList = 98228C132DDD36EA001E6E66 /* Build configuration list for PBXNativeTarget "SwiftUIGaleriaCuritibanaTests" */;
			buildPhases = (
				98228BF82DDD36EA001E6E66 /* Sources */,
				98228BF92DDD36EA001E6E66 /* Frameworks */,
				98228BFA2DDD36EA001E6E66 /* Resources */,
			);
			buildRules = (
			);
			dependencies = (
				98228BFE2DDD36EA001E6E66 /* PBXTargetDependency */,
			);
			fileSystemSynchronizedGroups = (
				98228BFF2DDD36EA001E6E66 /* SwiftUIGaleriaCuritibanaTests */,
			);
			name = SwiftUIGaleriaCuritibanaTests;
			packageProductDependencies = (
			);
			productName = SwiftUIGaleriaCuritibanaTests;
			productReference = 98228BFC2DDD36EA001E6E66 /* SwiftUIGaleriaCuritibanaTests.xctest */;
			productType = "com.apple.product-type.bundle.unit-test";
		};
		98228C052DDD36EA001E6E66 /* SwiftUIGaleriaCuritibanaUITests */ = {
			isa = PBXNativeTarget;
			buildConfigurationList = 98228C162DDD36EA001E6E66 /* Build configuration list for PBXNativeTarget "SwiftUIGaleriaCuritibanaUITests" */;
			buildPhases = (
				98228C022DDD36EA001E6E66 /* Sources */,
				98228C032DDD36EA001E6E66 /* Frameworks */,
				98228C042DDD36EA001E6E66 /* Resources */,
			);
			buildRules = (
			);
			dependencies = (
				98228C082DDD36EA001E6E66 /* PBXTargetDependency */,
			);
			fileSystemSynchronizedGroups = (
				98228C092DDD36EA001E6E66 /* SwiftUIGaleriaCuritibanaUITests */,
			);
			name = SwiftUIGaleriaCuritibanaUITests;
			packageProductDependencies = (
			);
			productName = SwiftUIGaleriaCuritibanaUITests;
			productReference = 98228C062DDD36EA001E6E66 /* SwiftUIGaleriaCuritibanaUITests.xctest */;
			productType = "com.apple.product-type.bundle.ui-testing";
		};
/* End PBXNativeTarget section */

/* Begin PBXProject section */
		98228BE32DDD36E8001E6E66 /* Project object */ = {
			isa = PBXProject;
			attributes = {
				BuildIndependentTargetsInParallel = 1;
				LastSwiftUpdateCheck = 1620;
				LastUpgradeCheck = 1620;
				TargetAttributes = {
					98228BEA2DDD36E8001E6E66 = {
						CreatedOnToolsVersion = 16.2;
					};
					98228BFB2DDD36EA001E6E66 = {
						CreatedOnToolsVersion = 16.2;
						TestTargetID = 98228BEA2DDD36E8001E6E66;
					};
					98228C052DDD36EA001E6E66 = {
						CreatedOnToolsVersion = 16.2;
						TestTargetID = 98228BEA2DDD36E8001E6E66;
					};
				};
			};
			buildConfigurationList = 98228BE62DDD36E8001E6E66 /* Build configuration list for PBXProject "SwiftUIGaleriaCuritibana" */;
			developmentRegion = en;
			hasScannedForEncodings = 0;
			knownRegions = (
				en,
				Base,
			);
			mainGroup = 98228BE22DDD36E8001E6E66;
			minimizedProjectReferenceProxies = 1;
			preferredProjectObjectVersion = 77;
			productRefGroup = 98228BEC2DDD36E8001E6E66 /* Products */;
			projectDirPath = "";
			projectRoot = "";
			targets = (
				98228BEA2DDD36E8001E6E66 /* SwiftUIGaleriaCuritibana */,
				98228BFB2DDD36EA001E6E66 /* SwiftUIGaleriaCuritibanaTests */,
				98228C052DDD36EA001E6E66 /* SwiftUIGaleriaCuritibanaUITests */,
			);
		};
/* End PBXProject section */

/* Begin PBXResourcesBuildPhase section */
		98228BE92DDD36E8001E6E66 /* Resources */ = {
			isa = PBXResourcesBuildPhase;
			buildActionMask = 2147483647;
			files = (
			);
			runOnlyForDeploymentPostprocessing = 0;
		};
		98228BFA2DDD36EA001E6E66 /* Resources */ = {
			isa = PBXResourcesBuildPhase;
			buildActionMask = 2147483647;
			files = (
			);
			runOnlyForDeploymentPostprocessing = 0;
		};
		98228C042DDD36EA001E6E66 /* Resources */ = {
			isa = PBXResourcesBuildPhase;
			buildActionMask = 2147483647;
			files = (
			);
			runOnlyForDeploymentPostprocessing = 0;
		};
/* End PBXResourcesBuildPhase section */

/* Begin PBXSourcesBuildPhase section */
		98228BE72DDD36E8001E6E66 /* Sources */ = {
			isa = PBXSourcesBuildPhase;
			buildActionMask = 2147483647;
			files = (
			);
			runOnlyForDeploymentPostprocessing = 0;
		};
		98228BF82DDD36EA001E6E66 /* Sources */ = {
			isa = PBXSourcesBuildPhase;
			buildActionMask = 2147483647;
			files = (
			);
			runOnlyForDeploymentPostprocessing = 0;
		};
		98228C022DDD36EA001E6E66 /* Sources */ = {
			isa = PBXSourcesBuildPhase;
			buildActionMask = 2147483647;
			files = (
			);
			runOnlyForDeploymentPostprocessing = 0;
		};
/* End PBXSourcesBuildPhase section */

/* Begin PBXTargetDependency section */
		98228BFE2DDD36EA001E6E66 /* PBXTargetDependency */ = {
			isa = PBXTargetDependency;
			target = 98228BEA2DDD36E8001E6E66 /* SwiftUIGaleriaCuritibana */;
			targetProxy = 98228BFD2DDD36EA001E6E66 /* PBXContainerItemProxy */;
		};
		98228C082DDD36EA001E6E66 /* PBXTargetDependency */ = {
			isa = PBXTargetDependency;
			target = 98228BEA2DDD36E8001E6E66 /* SwiftUIGaleriaCuritibana */;
			targetProxy = 98228C072DDD36EA001E6E66 /* PBXContainerItemProxy */;
		};
/* End PBXTargetDependency section */

/* Begin XCBuildConfiguration section */
		98228C0E2DDD36EA001E6E66 /* Debug */ = {
			isa = XCBuildConfiguration;
			buildSettings = {
				ALWAYS_SEARCH_USER_PATHS = NO;
				ASSETCATALOG_COMPILER_GENERATE_SWIFT_ASSET_SYMBOL_EXTENSIONS = YES;
				CLANG_ANALYZER_NONNULL = YES;
				CLANG_ANALYZER_NUMBER_OBJECT_CONVERSION = YES_AGGRESSIVE;
				CLANG_CXX_LANGUAGE_STANDARD = "gnu++20";
				CLANG_ENABLE_MODULES = YES;
				CLANG_ENABLE_OBJC_ARC = YES;
				CLANG_ENABLE_OBJC_WEAK = YES;
				CLANG_WARN_BLOCK_CAPTURE_AUTORELEASING = YES;
				CLANG_WARN_BOOL_CONVERSION = YES;
				CLANG_WARN_COMMA = YES;
				CLANG_WARN_CONSTANT_CONVERSION = YES;
				CLANG_WARN_DEPRECATED_OBJC_IMPLEMENTATIONS = YES;
				CLANG_WARN_DIRECT_OBJC_ISA_USAGE = YES_ERROR;
				CLANG_WARN_DOCUMENTATION_COMMENTS = YES;
				CLANG_WARN_EMPTY_BODY = YES;
				CLANG_WARN_ENUM_CONVERSION = YES;
				CLANG_WARN_INFINITE_RECURSION = YES;
				CLANG_WARN_INT_CONVERSION = YES;
				CLANG_WARN_NON_LITERAL_NULL_CONVERSION = YES;
				CLANG_WARN_OBJC_IMPLICIT_RETAIN_SELF = YES;
				CLANG_WARN_OBJC_LITERAL_CONVERSION = YES;
				CLANG_WARN_OBJC_ROOT_CLASS = YES_ERROR;
				CLANG_WARN_QUOTED_INCLUDE_IN_FRAMEWORK_HEADER = YES;
				CLANG_WARN_RANGE_LOOP_ANALYSIS = YES;
				CLANG_WARN_STRICT_PROTOTYPES = YES;
				CLANG_WARN_SUSPICIOUS_MOVE = YES;
				CLANG_WARN_UNGUARDED_AVAILABILITY = YES_AGGRESSIVE;
				CLANG_WARN_UNREACHABLE_CODE = YES;
				CLANG_WARN__DUPLICATE_METHOD_MATCH = YES;
				COPY_PHASE_STRIP = NO;
				DEBUG_INFORMATION_FORMAT = dwarf;
				ENABLE_STRICT_OBJC_MSGSEND = YES;
				ENABLE_TESTABILITY = YES;
				ENABLE_USER_SCRIPT_SANDBOXING = YES;
				GCC_C_LANGUAGE_STANDARD = gnu17;
				GCC_DYNAMIC_NO_PIC = NO;
				GCC_NO_COMMON_BLOCKS = YES;
				GCC_OPTIMIZATION_LEVEL = 0;
				GCC_PREPROCESSOR_DEFINITIONS = (
					"DEBUG=1",
					"$(inherited)",
				);
				GCC_WARN_64_TO_32_BIT_CONVERSION = YES;
				GCC_WARN_ABOUT_RETURN_TYPE = YES_ERROR;
				GCC_WARN_UNDECLARED_SELECTOR = YES;
				GCC_WARN_UNINITIALIZED_AUTOS = YES_AGGRESSIVE;
				GCC_WARN_UNUSED_FUNCTION = YES;
				GCC_WARN_UNUSED_VARIABLE = YES;
				LOCALIZATION_PREFERS_STRING_CATALOGS = YES;
				MTL_ENABLE_DEBUG_INFO = INCLUDE_SOURCE;
				MTL_FAST_MATH = YES;
				ONLY_ACTIVE_ARCH = YES;
				SWIFT_ACTIVE_COMPILATION_CONDITIONS = "DEBUG $(inherited)";
				SWIFT_OPTIMIZATION_LEVEL = "-Onone";
			};
			name = Debug;
		};
		98228C0F2DDD36EA001E6E66 /* Release */ = {
			isa = XCBuildConfiguration;
			buildSettings = {
				ALWAYS_SEARCH_USER_PATHS = NO;
				ASSETCATALOG_COMPILER_GENERATE_SWIFT_ASSET_SYMBOL_EXTENSIONS = YES;
				CLANG_ANALYZER_NONNULL = YES;
				CLANG_ANALYZER_NUMBER_OBJECT_CONVERSION = YES_AGGRESSIVE;
				CLANG_CXX_LANGUAGE_STANDARD = "gnu++20";
				CLANG_ENABLE_MODULES = YES;
				CLANG_ENABLE_OBJC_ARC = YES;
				CLANG_ENABLE_OBJC_WEAK = YES;
				CLANG_WARN_BLOCK_CAPTURE_AUTORELEASING = YES;
				CLANG_WARN_BOOL_CONVERSION = YES;
				CLANG_WARN_COMMA = YES;
				CLANG_WARN_CONSTANT_CONVERSION = YES;
				CLANG_WARN_DEPRECATED_OBJC_IMPLEMENTATIONS = YES;
				CLANG_WARN_DIRECT_OBJC_ISA_USAGE = YES_ERROR;
				CLANG_WARN_DOCUMENTATION_COMMENTS = YES;
				CLANG_WARN_EMPTY_BODY = YES;
				CLANG_WARN_ENUM_CONVERSION = YES;
				CLANG_WARN_INFINITE_RECURSION = YES;
				CLANG_WARN_INT_CONVERSION = YES;
				CLANG_WARN_NON_LITERAL_NULL_CONVERSION = YES;
				CLANG_WARN_OBJC_IMPLICIT_RETAIN_SELF = YES;
				CLANG_WARN_OBJC_LITERAL_CONVERSION = YES;
				CLANG_WARN_OBJC_ROOT_CLASS = YES_ERROR;
				CLANG_WARN_QUOTED_INCLUDE_IN_FRAMEWORK_HEADER = YES;
				CLANG_WARN_RANGE_LOOP_ANALYSIS = YES;
				CLANG_WARN_STRICT_PROTOTYPES = YES;
				CLANG_WARN_SUSPICIOUS_MOVE = YES;
				CLANG_WARN_UNGUARDED_AVAILABILITY = YES_AGGRESSIVE;
				CLANG_WARN_UNREACHABLE_CODE = YES;
				CLANG_WARN__DUPLICATE_METHOD_MATCH = YES;
				COPY_PHASE_STRIP = NO;
				DEBUG_INFORMATION_FORMAT = "dwarf-with-dsym";
				ENABLE_NS_ASSERTIONS = NO;
				ENABLE_STRICT_OBJC_MSGSEND = YES;
				ENABLE_USER_SCRIPT_SANDBOXING = YES;
				GCC_C_LANGUAGE_STANDARD = gnu17;
				GCC_NO_COMMON_BLOCKS = YES;
				GCC_WARN_64_TO_32_BIT_CONVERSION = YES;
				GCC_WARN_ABOUT_RETURN_TYPE = YES_ERROR;
				GCC_WARN_UNDECLARED_SELECTOR = YES;
				GCC_WARN_UNINITIALIZED_AUTOS = YES_AGGRESSIVE;
				GCC_WARN_UNUSED_FUNCTION = YES;
				GCC_WARN_UNUSED_VARIABLE = YES;
				LOCALIZATION_PREFERS_STRING_CATALOGS = YES;
				MTL_ENABLE_DEBUG_INFO = NO;
				MTL_FAST_MATH = YES;
				SWIFT_COMPILATION_MODE = wholemodule;
			};
			name = Release;
		};
		98228C112DDD36EA001E6E66 /* Debug */ = {
			isa = XCBuildConfiguration;
			buildSettings = {
				ASSETCATALOG_COMPILER_APPICON_NAME = AppIcon;
				ASSETCATALOG_COMPILER_GLOBAL_ACCENT_COLOR_NAME = AccentColor;
				CODE_SIGN_ENTITLEMENTS = SwiftUIGaleriaCuritibana/SwiftUIGaleriaCuritibana.entitlements;
				CODE_SIGN_STYLE = Automatic;
				CURRENT_PROJECT_VERSION = 1;
				DEVELOPMENT_ASSET_PATHS = "\"SwiftUIGaleriaCuritibana/Preview Content\"";
				ENABLE_PREVIEWS = YES;
				GENERATE_INFOPLIST_FILE = YES;
				"INFOPLIST_KEY_UIApplicationSceneManifest_Generation[sdk=iphoneos*]" = YES;
				"INFOPLIST_KEY_UIApplicationSceneManifest_Generation[sdk=iphonesimulator*]" = YES;
				"INFOPLIST_KEY_UIApplicationSupportsIndirectInputEvents[sdk=iphoneos*]" = YES;
				"INFOPLIST_KEY_UIApplicationSupportsIndirectInputEvents[sdk=iphonesimulator*]" = YES;
				"INFOPLIST_KEY_UILaunchScreen_Generation[sdk=iphoneos*]" = YES;
				"INFOPLIST_KEY_UILaunchScreen_Generation[sdk=iphonesimulator*]" = YES;
				"INFOPLIST_KEY_UIStatusBarStyle[sdk=iphoneos*]" = UIStatusBarStyleDefault;
				"INFOPLIST_KEY_UIStatusBarStyle[sdk=iphonesimulator*]" = UIStatusBarStyleDefault;
				INFOPLIST_KEY_UISupportedInterfaceOrientations_iPad = "UIInterfaceOrientationPortrait UIInterfaceOrientationPortraitUpsideDown UIInterfaceOrientationLandscapeLeft UIInterfaceOrientationLandscapeRight";
				INFOPLIST_KEY_UISupportedInterfaceOrientations_iPhone = "UIInterfaceOrientationPortrait UIInterfaceOrientationLandscapeLeft UIInterfaceOrientationLandscapeRight";
				IPHONEOS_DEPLOYMENT_TARGET = 18.2;
				LD_RUNPATH_SEARCH_PATHS = "@executable_path/Frameworks";
				"LD_RUNPATH_SEARCH_PATHS[sdk=macosx*]" = "@executable_path/../Frameworks";
				MACOSX_DEPLOYMENT_TARGET = 14.7;
				MARKETING_VERSION = 1.0;
				PRODUCT_BUNDLE_IDENTIFIER = IOS.SwiftUIGaleriaCuritibana;
				PRODUCT_NAME = "$(TARGET_NAME)";
				SDKROOT = auto;
				SUPPORTED_PLATFORMS = "iphoneos iphonesimulator macosx xros xrsimulator";
				SWIFT_EMIT_LOC_STRINGS = YES;
				SWIFT_VERSION = 5.0;
				TARGETED_DEVICE_FAMILY = "1,2,7";
				XROS_DEPLOYMENT_TARGET = 2.2;
			};
			name = Debug;
		};
		98228C122DDD36EA001E6E66 /* Release */ = {
			isa = XCBuildConfiguration;
			buildSettings = {
				ASSETCATALOG_COMPILER_APPICON_NAME = AppIcon;
				ASSETCATALOG_COMPILER_GLOBAL_ACCENT_COLOR_NAME = AccentColor;
				CODE_SIGN_ENTITLEMENTS = SwiftUIGaleriaCuritibana/SwiftUIGaleriaCuritibana.entitlements;
				CODE_SIGN_STYLE = Automatic;
				CURRENT_PROJECT_VERSION = 1;
				DEVELOPMENT_ASSET_PATHS = "\"SwiftUIGaleriaCuritibana/Preview Content\"";
				ENABLE_PREVIEWS = YES;
				GENERATE_INFOPLIST_FILE = YES;
				"INFOPLIST_KEY_UIApplicationSceneManifest_Generation[sdk=iphoneos*]" = YES;
				"INFOPLIST_KEY_UIApplicationSceneManifest_Generation[sdk=iphonesimulator*]" = YES;
				"INFOPLIST_KEY_UIApplicationSupportsIndirectInputEvents[sdk=iphoneos*]" = YES;
				"INFOPLIST_KEY_UIApplicationSupportsIndirectInputEvents[sdk=iphonesimulator*]" = YES;
				"INFOPLIST_KEY_UILaunchScreen_Generation[sdk=iphoneos*]" = YES;
				"INFOPLIST_KEY_UILaunchScreen_Generation[sdk=iphonesimulator*]" = YES;
				"INFOPLIST_KEY_UIStatusBarStyle[sdk=iphoneos*]" = UIStatusBarStyleDefault;
				"INFOPLIST_KEY_UIStatusBarStyle[sdk=iphonesimulator*]" = UIStatusBarStyleDefault;
				INFOPLIST_KEY_UISupportedInterfaceOrientations_iPad = "UIInterfaceOrientationPortrait UIInterfaceOrientationPortraitUpsideDown UIInterfaceOrientationLandscapeLeft UIInterfaceOrientationLandscapeRight";
				INFOPLIST_KEY_UISupportedInterfaceOrientations_iPhone = "UIInterfaceOrientationPortrait UIInterfaceOrientationLandscapeLeft UIInterfaceOrientationLandscapeRight";
				IPHONEOS_DEPLOYMENT_TARGET = 18.2;
				LD_RUNPATH_SEARCH_PATHS = "@executable_path/Frameworks";
				"LD_RUNPATH_SEARCH_PATHS[sdk=macosx*]" = "@executable_path/../Frameworks";
				MACOSX_DEPLOYMENT_TARGET = 14.7;
				MARKETING_VERSION = 1.0;
				PRODUCT_BUNDLE_IDENTIFIER = IOS.SwiftUIGaleriaCuritibana;
				PRODUCT_NAME = "$(TARGET_NAME)";
				SDKROOT = auto;
				SUPPORTED_PLATFORMS = "iphoneos iphonesimulator macosx xros xrsimulator";
				SWIFT_EMIT_LOC_STRINGS = YES;
				SWIFT_VERSION = 5.0;
				TARGETED_DEVICE_FAMILY = "1,2,7";
				XROS_DEPLOYMENT_TARGET = 2.2;
			};
			name = Release;
		};
		98228C142DDD36EA001E6E66 /* Debug */ = {
			isa = XCBuildConfiguration;
			buildSettings = {
				BUNDLE_LOADER = "$(TEST_HOST)";
				CODE_SIGN_STYLE = Automatic;
				CURRENT_PROJECT_VERSION = 1;
				GENERATE_INFOPLIST_FILE = YES;
				IPHONEOS_DEPLOYMENT_TARGET = 18.2;
				MACOSX_DEPLOYMENT_TARGET = 14.7;
				MARKETING_VERSION = 1.0;
				PRODUCT_BUNDLE_IDENTIFIER = IOS.SwiftUIGaleriaCuritibanaTests;
				PRODUCT_NAME = "$(TARGET_NAME)";
				SDKROOT = auto;
				SUPPORTED_PLATFORMS = "iphoneos iphonesimulator macosx xros xrsimulator";
				SWIFT_EMIT_LOC_STRINGS = NO;
				SWIFT_VERSION = 5.0;
				TARGETED_DEVICE_FAMILY = "1,2,7";
				TEST_HOST = "$(BUILT_PRODUCTS_DIR)/SwiftUIGaleriaCuritibana.app/$(BUNDLE_EXECUTABLE_FOLDER_PATH)/SwiftUIGaleriaCuritibana";
				XROS_DEPLOYMENT_TARGET = 2.2;
			};
			name = Debug;
		};
		98228C152DDD36EA001E6E66 /* Release */ = {
			isa = XCBuildConfiguration;
			buildSettings = {
				BUNDLE_LOADER = "$(TEST_HOST)";
				CODE_SIGN_STYLE = Automatic;
				CURRENT_PROJECT_VERSION = 1;
				GENERATE_INFOPLIST_FILE = YES;
				IPHONEOS_DEPLOYMENT_TARGET = 18.2;
				MACOSX_DEPLOYMENT_TARGET = 14.7;
				MARKETING_VERSION = 1.0;
				PRODUCT_BUNDLE_IDENTIFIER = IOS.SwiftUIGaleriaCuritibanaTests;
				PRODUCT_NAME = "$(TARGET_NAME)";
				SDKROOT = auto;
				SUPPORTED_PLATFORMS = "iphoneos iphonesimulator macosx xros xrsimulator";
				SWIFT_EMIT_LOC_STRINGS = NO;
				SWIFT_VERSION = 5.0;
				TARGETED_DEVICE_FAMILY = "1,2,7";
				TEST_HOST = "$(BUILT_PRODUCTS_DIR)/SwiftUIGaleriaCuritibana.app/$(BUNDLE_EXECUTABLE_FOLDER_PATH)/SwiftUIGaleriaCuritibana";
				XROS_DEPLOYMENT_TARGET = 2.2;
			};
			name = Release;
		};
		98228C172DDD36EA001E6E66 /* Debug */ = {
			isa = XCBuildConfiguration;
			buildSettings = {
				CODE_SIGN_STYLE = Automatic;
				CURRENT_PROJECT_VERSION = 1;
				GENERATE_INFOPLIST_FILE = YES;
				IPHONEOS_DEPLOYMENT_TARGET = 18.2;
				MACOSX_DEPLOYMENT_TARGET = 14.7;
				MARKETING_VERSION = 1.0;
				PRODUCT_BUNDLE_IDENTIFIER = IOS.SwiftUIGaleriaCuritibanaUITests;
				PRODUCT_NAME = "$(TARGET_NAME)";
				SDKROOT = auto;
				SUPPORTED_PLATFORMS = "iphoneos iphonesimulator macosx xros xrsimulator";
				SWIFT_EMIT_LOC_STRINGS = NO;
				SWIFT_VERSION = 5.0;
				TARGETED_DEVICE_FAMILY = "1,2,7";
				TEST_TARGET_NAME = SwiftUIGaleriaCuritibana;
				XROS_DEPLOYMENT_TARGET = 2.2;
			};
			name = Debug;
		};
		98228C182DDD36EA001E6E66 /* Release */ = {
			isa = XCBuildConfiguration;
			buildSettings = {
				CODE_SIGN_STYLE = Automatic;
				CURRENT_PROJECT_VERSION = 1;
				GENERATE_INFOPLIST_FILE = YES;
				IPHONEOS_DEPLOYMENT_TARGET = 18.2;
				MACOSX_DEPLOYMENT_TARGET = 14.7;
				MARKETING_VERSION = 1.0;
				PRODUCT_BUNDLE_IDENTIFIER = IOS.SwiftUIGaleriaCuritibanaUITests;
				PRODUCT_NAME = "$(TARGET_NAME)";
				SDKROOT = auto;
				SUPPORTED_PLATFORMS = "iphoneos iphonesimulator macosx xros xrsimulator";
				SWIFT_EMIT_LOC_STRINGS = NO;
				SWIFT_VERSION = 5.0;
				TARGETED_DEVICE_FAMILY = "1,2,7";
				TEST_TARGET_NAME = SwiftUIGaleriaCuritibana;
				XROS_DEPLOYMENT_TARGET = 2.2;
			};
			name = Release;
		};
/* End XCBuildConfiguration section */

/* Begin XCConfigurationList section */
		98228BE62DDD36E8001E6E66 /* Build configuration list for PBXProject "SwiftUIGaleriaCuritibana" */ = {
			isa = XCConfigurationList;
			buildConfigurations = (
				98228C0E2DDD36EA001E6E66 /* Debug */,
				98228C0F2DDD36EA001E6E66 /* Release */,
			);
			defaultConfigurationIsVisible = 0;
			defaultConfigurationName = Release;
		};
		98228C102DDD36EA001E6E66 /* Build configuration list for PBXNativeTarget "SwiftUIGaleriaCuritibana" */ = {
			isa = XCConfigurationList;
			buildConfigurations = (
				98228C112DDD36EA001E6E66 /* Debug */,
				98228C122DDD36EA001E6E66 /* Release */,
			);
			defaultConfigurationIsVisible = 0;
			defaultConfigurationName = Release;
		};
		98228C132DDD36EA001E6E66 /* Build configuration list for PBXNativeTarget "SwiftUIGaleriaCuritibanaTests" */ = {
			isa = XCConfigurationList;
			buildConfigurations = (
				98228C142DDD36EA001E6E66 /* Debug */,
				98228C152DDD36EA001E6E66 /* Release */,
			);
			defaultConfigurationIsVisible = 0;
			defaultConfigurationName = Release;
		};
		98228C162DDD36EA001E6E66 /* Build configuration list for PBXNativeTarget "SwiftUIGaleriaCuritibanaUITests" */ = {
			isa = XCConfigurationList;
			buildConfigurations = (
				98228C172DDD36EA001E6E66 /* Debug */,
				98228C182DDD36EA001E6E66 /* Release */,
			);
			defaultConfigurationIsVisible = 0;
			defaultConfigurationName = Release;
		};
/* End XCConfigurationList section */
	};
	rootObject = 98228BE32DDD36E8001E6E66 /* Project object */;
}
